
Microsoft Visual Studio Solution File, Format Version 12.00
# Visual Studio Version 17
VisualStudioVersion = 17.3.32819.101
MinimumVisualStudioVersion = 10.0.40219.1
Project("{FAE04EC0-301F-11D3-BF4B-00C04F79EFBC}") = "Slackord", "Slackord\Slackord.csproj", "{F6505AE4-A1DB-4BBB-B6FD-B76E77C611BD}"
EndProject
Global
	GlobalSection(SolutionConfigurationPlatforms) = preSolution
		Debug|Any CPU = Debug|Any CPU
		Release|Any CPU = Release|Any CPU
	EndGlobalSection
	GlobalSection(ProjectConfigurationPlatforms) = postSolution
		{F6505AE4-A1DB-4BBB-B6FD-B76E77C611BD}.Debug|Any CPU.ActiveCfg = Debug|Any CPU
		{F6505AE4-A1DB-4BBB-B6FD-B76E77C611BD}.Debug|Any CPU.Build.0 = Debug|Any CPU
		{F6505AE4-A1DB-4BBB-B6FD-B76E77C611BD}.Release|Any CPU.ActiveCfg = Release|Any CPU
		{F6505AE4-A1DB-4BBB-B6FD-B76E77C611BD}.Release|Any CPU.Build.0 = Release|Any CPU
	EndGlobalSection
	GlobalSection(SolutionProperties) = preSolution
		HideSolutionNode = FALSE
	EndGlobalSection
	GlobalSection(ExtensibilityGlobals) = postSolution
		SolutionGuid = {472BAE18-FF58-444F-8823-61A056A30D3B}
	EndGlobalSection
EndGlobal
