
Microsoft Visual Studio Solution File, Format Version 12.00
# Visual Studio Version 17
VisualStudioVersion = 17.8.34112.27
MinimumVisualStudioVersion = 10.0.40219.1
Project("{9A19103F-16F7-4668-BE54-9A1E7A4F7556}") = "Slackord", "Slackord.csproj", "{CD2A9023-3AA1-440C-8788-570D2C04B71B}"
EndProject
Global
	GlobalSection(SolutionConfigurationPlatforms) = preSolution
		Debug|Any CPU = Debug|Any CPU
		Release|Any CPU = Release|Any CPU
	EndGlobalSection
	GlobalSection(ProjectConfigurationPlatforms) = postSolution
		{CD2A9023-3AA1-440C-8788-570D2C04B71B}.Debug|Any CPU.ActiveCfg = Debug|Any CPU
		{CD2A9023-3AA1-440C-8788-570D2C04B71B}.Debug|Any CPU.Build.0 = Debug|Any CPU
		{CD2A9023-3AA1-440C-8788-570D2C04B71B}.Debug|Any CPU.Deploy.0 = Debug|Any CPU
		{CD2A9023-3AA1-440C-8788-570D2C04B71B}.Release|Any CPU.ActiveCfg = Release|Any CPU
		{CD2A9023-3AA1-440C-8788-570D2C04B71B}.Release|Any CPU.Build.0 = Release|Any CPU
		{CD2A9023-3AA1-440C-8788-570D2C04B71B}.Release|Any CPU.Deploy.0 = Release|Any CPU
	EndGlobalSection
	GlobalSection(SolutionProperties) = preSolution
		HideSolutionNode = FALSE
	EndGlobalSection
	GlobalSection(ExtensibilityGlobals) = postSolution
		SolutionGuid = {3B9A39EC-989F-4155-A89F-81C52DAC58CA}
	EndGlobalSection
	GlobalSection(MonoDevelopProperties) = preSolution
		Policies = $0
		$0.DotNetNamingPolicy = $1
		$1.DirectoryNamespaceAssociation = PrefixedHierarchical
		$0.TextStylePolicy = $6
		$2.inheritsSet = null
		$2.scope = application/xaml
		$0.XmlFormattingPolicy = $3
		$3.inheritsSet = null
		$3.scope = application/xaml
		$4.FileWidth = 80
		$4.TabsToSpaces = True
		$4.scope = text/x-csharp
		$0.CSharpFormattingPolicy = $5
		$5.scope = text/x-csharp
		$6.FileWidth = 80
		$6.TabsToSpaces = True
		$6.scope = text/plain
		version = 4
	EndGlobalSection
EndGlobal
