
Microsoft Visual Studio Solution File, Format Version 12.00
# Visual Studio Version 17
VisualStudioVersion = 17.2.32630.192
MinimumVisualStudioVersion = 10.0.40219.1
Project("{9A19103F-16F7-4668-BE54-9A1E7A4F7556}") = "Slackord", "Slackord\Slackord.csproj", "{5DE9FA19-DEBC-4BFE-BB7E-7BF39C1A7EA6}"
EndProject
Global
	GlobalSection(SolutionConfigurationPlatforms) = preSolution
		Debug|Any CPU = Debug|Any CPU
		Release|Any CPU = Release|Any CPU
		Description = Slackord2 is a cross-platform application that allows you to migrate Slack messages into a Discord server.
	EndGlobalSection
	GlobalSection(ProjectConfigurationPlatforms) = postSolution
		{5DE9FA19-DEBC-4BFE-BB7E-7BF39C1A7EA6}.Debug|Any CPU.ActiveCfg = Debug|Any CPU
		{5DE9FA19-DEBC-4BFE-BB7E-7BF39C1A7EA6}.Debug|Any CPU.Build.0 = Debug|Any CPU
		{5DE9FA19-DEBC-4BFE-BB7E-7BF39C1A7EA6}.Release|Any CPU.ActiveCfg = Release|Any CPU
		{5DE9FA19-DEBC-4BFE-BB7E-7BF39C1A7EA6}.Release|Any CPU.Build.0 = Release|Any CPU
	EndGlobalSection
	GlobalSection(SolutionProperties) = preSolution
		HideSolutionNode = FALSE
	EndGlobalSection
	GlobalSection(ExtensibilityGlobals) = postSolution
		SolutionGuid = {8DCB944A-4F21-4132-A130-BAAC409F4924}
	EndGlobalSection
EndGlobal
